// !$*UTF8*$!
{
	archiveVersion = 1;
	classes = {
	};
	objectVersion = 47;
	objects = {

/* Begin PBXBuildFile section */
		C9D39AB81CCA74620017C170 /* ProyectoPlantas.c in Sources */ = {isa = PBXBuildFile; fileRef = C9D39AB71CCA74620017C170 /* ProyectoPlantas.c */; };
		C9D39AC21CCA74E80017C170 /* main.c in Sources */ = {isa = PBXBuildFile; fileRef = C9D39AC01CCA74E80017C170 /* main.c */; };
		C9D39AC61CCA750E0017C170 /* ProyectoPlantasFuentes.c in Sources */ = {isa = PBXBuildFile; fileRef = C9D39AC41CCA750E0017C170 /* ProyectoPlantasFuentes.c */; };
/* End PBXBuildFile section */

/* Begin PBXFileReference section */
		C9D39AB41CCA74620017C170 /* ProyectoPlantas.kext */ = {isa = PBXFileReference; explicitFileType = wrapper.cfbundle; includeInIndex = 0; path = ProyectoPlantas.kext; sourceTree = BUILT_PRODUCTS_DIR; };
		C9D39AB71CCA74620017C170 /* ProyectoPlantas.c */ = {isa = PBXFileReference; lastKnownFileType = sourcecode.c.c; path = ProyectoPlantas.c; sourceTree = "<group>"; };
		C9D39AB91CCA74620017C170 /* Info.plist */ = {isa = PBXFileReference; lastKnownFileType = text.plist.xml; path = Info.plist; sourceTree = "<group>"; };
		C9D39ABF1CCA74D60017C170 /* ProyectoPlantas_H.h */ = {isa = PBXFileReference; lastKnownFileType = sourcecode.c.h; path = ProyectoPlantas_H.h; sourceTree = "<group>"; };
		C9D39AC01CCA74E80017C170 /* main.c */ = {isa = PBXFileReference; fileEncoding = 4; lastKnownFileType = sourcecode.c.c; path = main.c; sourceTree = "<group>"; };
		C9D39AC41CCA750E0017C170 /* ProyectoPlantasFuentes.c */ = {isa = PBXFileReference; fileEncoding = 4; lastKnownFileType = sourcecode.c.c; path = ProyectoPlantasFuentes.c; sourceTree = "<group>"; };
/* End PBXFileReference section */

/* Begin PBXFrameworksBuildPhase section */
		C9D39AB01CCA74620017C170 /* Frameworks */ = {
			isa = PBXFrameworksBuildPhase;
			buildActionMask = 2147483647;
			files = (
			);
			runOnlyForDeploymentPostprocessing = 0;
		};
/* End PBXFrameworksBuildPhase section */

/* Begin PBXGroup section */
		C9D39AAA1CCA74620017C170 = {
			isa = PBXGroup;
			children = (
				C9D39AC01CCA74E80017C170 /* main.c */,
				C9D39AC41CCA750E0017C170 /* ProyectoPlantasFuentes.c */,
				C9D39ABF1CCA74D60017C170 /* ProyectoPlantas_H.h */,
				C9D39AB61CCA74620017C170 /* ProyectoPlantas */,
				C9D39AB51CCA74620017C170 /* Products */,
			);
			sourceTree = "<group>";
		};
		C9D39AB51CCA74620017C170 /* Products */ = {
			isa = PBXGroup;
			children = (
				C9D39AB41CCA74620017C170 /* ProyectoPlantas.kext */,
			);
			name = Products;
			sourceTree = "<group>";
		};
		C9D39AB61CCA74620017C170 /* ProyectoPlantas */ = {
			isa = PBXGroup;
			children = (
				C9D39AB71CCA74620017C170 /* ProyectoPlantas.c */,
				C9D39AB91CCA74620017C170 /* Info.plist */,
			);
			path = ProyectoPlantas;
			sourceTree = "<group>";
		};
/* End PBXGroup section */

/* Begin PBXHeadersBuildPhase section */
		C9D39AB11CCA74620017C170 /* Headers */ = {
			isa = PBXHeadersBuildPhase;
			buildActionMask = 2147483647;
			files = (
			);
			runOnlyForDeploymentPostprocessing = 0;
		};
/* End PBXHeadersBuildPhase section */

/* Begin PBXNativeTarget section */
		C9D39AB31CCA74620017C170 /* ProyectoPlantas */ = {
			isa = PBXNativeTarget;
			buildConfigurationList = C9D39ABC1CCA74620017C170 /* Build configuration list for PBXNativeTarget "ProyectoPlantas" */;
			buildPhases = (
				C9D39AAF1CCA74620017C170 /* Sources */,
				C9D39AB01CCA74620017C170 /* Frameworks */,
				C9D39AB11CCA74620017C170 /* Headers */,
				C9D39AB21CCA74620017C170 /* Resources */,
			);
			buildRules = (
			);
			dependencies = (
			);
			name = ProyectoPlantas;
			productName = ProyectoPlantas;
			productReference = C9D39AB41CCA74620017C170 /* ProyectoPlantas.kext */;
			productType = "com.apple.product-type.kernel-extension";
		};
/* End PBXNativeTarget section */

/* Begin PBXProject section */
		C9D39AAB1CCA74620017C170 /* Project object */ = {
			isa = PBXProject;
			attributes = {
				LastUpgradeCheck = 0730;
				ORGANIZATIONNAME = "Javier Carazo";
				TargetAttributes = {
					C9D39AB31CCA74620017C170 = {
						CreatedOnToolsVersion = 7.3;
						DevelopmentTeam = Z65Z2B5469;
					};
				};
			};
			buildConfigurationList = C9D39AAE1CCA74620017C170 /* Build configuration list for PBXProject "ProyectoPlantas" */;
			compatibilityVersion = "Xcode 6.3";
			developmentRegion = English;
			hasScannedForEncodings = 0;
			knownRegions = (
				en,
			);
			mainGroup = C9D39AAA1CCA74620017C170;
			productRefGroup = C9D39AB51CCA74620017C170 /* Products */;
			projectDirPath = "";
			projectRoot = "";
			targets = (
				C9D39AB31CCA74620017C170 /* ProyectoPlantas */,
			);
		};
/* End PBXProject section */

/* Begin PBXResourcesBuildPhase section */
		C9D39AB21CCA74620017C170 /* Resources */ = {
			isa = PBXResourcesBuildPhase;
			buildActionMask = 2147483647;
			files = (
			);
			runOnlyForDeploymentPostprocessing = 0;
		};
/* End PBXResourcesBuildPhase section */

/* Begin PBXSourcesBuildPhase section */
		C9D39AAF1CCA74620017C170 /* Sources */ = {
			isa = PBXSourcesBuildPhase;
			buildActionMask = 2147483647;
			files = (
				C9D39AC21CCA74E80017C170 /* main.c in Sources */,
				C9D39AC61CCA750E0017C170 /* ProyectoPlantasFuentes.c in Sources */,
				C9D39AB81CCA74620017C170 /* ProyectoPlantas.c in Sources */,
			);
			runOnlyForDeploymentPostprocessing = 0;
		};
/* End PBXSourcesBuildPhase section */

/* Begin XCBuildConfiguration section */
		C9D39ABA1CCA74620017C170 /* Debug */ = {
			isa = XCBuildConfiguration;
			buildSettings = {
				ALWAYS_SEARCH_USER_PATHS = NO;
				CLANG_ANALYZER_NONNULL = YES;
				CLANG_CXX_LANGUAGE_STANDARD = "gnu++0x";
				CLANG_CXX_LIBRARY = "libc++";
				CLANG_ENABLE_MODULES = YES;
				CLANG_ENABLE_OBJC_ARC = YES;
				CLANG_WARN_BOOL_CONVERSION = YES;
				CLANG_WARN_CONSTANT_CONVERSION = YES;
				CLANG_WARN_DIRECT_OBJC_ISA_USAGE = YES_ERROR;
				CLANG_WARN_EMPTY_BODY = YES;
				CLANG_WARN_ENUM_CONVERSION = YES;
				CLANG_WARN_INT_CONVERSION = YES;
				CLANG_WARN_OBJC_ROOT_CLASS = YES_ERROR;
				CLANG_WARN_UNREACHABLE_CODE = YES;
				CLANG_WARN__DUPLICATE_METHOD_MATCH = YES;
				CODE_SIGN_IDENTITY = "-";
				COPY_PHASE_STRIP = NO;
				DEBUG_INFORMATION_FORMAT = dwarf;
				ENABLE_STRICT_OBJC_MSGSEND = YES;
				ENABLE_TESTABILITY = YES;
				GCC_C_LANGUAGE_STANDARD = gnu99;
				GCC_DYNAMIC_NO_PIC = NO;
				GCC_NO_COMMON_BLOCKS = YES;
				GCC_OPTIMIZATION_LEVEL = 0;
				GCC_PREPROCESSOR_DEFINITIONS = (
					"DEBUG=1",
					"$(inherited)",
				);
				GCC_WARN_64_TO_32_BIT_CONVERSION = YES;
				GCC_WARN_ABOUT_RETURN_TYPE = YES_ERROR;
				GCC_WARN_UNDECLARED_SELECTOR = YES;
				GCC_WARN_UNINITIALIZED_AUTOS = YES_AGGRESSIVE;
				GCC_WARN_UNUSED_FUNCTION = YES;
				GCC_WARN_UNUSED_VARIABLE = YES;
				MACOSX_DEPLOYMENT_TARGET = 10.11;
				MTL_ENABLE_DEBUG_INFO = YES;
				ONLY_ACTIVE_ARCH = YES;
				SDKROOT = macosx;
			};
			name = Debug;
		};
		C9D39ABB1CCA74620017C170 /* Release */ = {
			isa = XCBuildConfiguration;
			buildSettings = {
				ALWAYS_SEARCH_USER_PATHS = NO;
				CLANG_ANALYZER_NONNULL = YES;
				CLANG_CXX_LANGUAGE_STANDARD = "gnu++0x";
				CLANG_CXX_LIBRARY = "libc++";
				CLANG_ENABLE_MODULES = YES;
				CLANG_ENABLE_OBJC_ARC = YES;
				CLANG_WARN_BOOL_CONVERSION = YES;
				CLANG_WARN_CONSTANT_CONVERSION = YES;
				CLANG_WARN_DIRECT_OBJC_ISA_USAGE = YES_ERROR;
				CLANG_WARN_EMPTY_BODY = YES;
				CLANG_WARN_ENUM_CONVERSION = YES;
				CLANG_WARN_INT_CONVERSION = YES;
				CLANG_WARN_OBJC_ROOT_CLASS = YES_ERROR;
				CLANG_WARN_UNREACHABLE_CODE = YES;
				CLANG_WARN__DUPLICATE_METHOD_MATCH = YES;
				CODE_SIGN_IDENTITY = "-";
				COPY_PHASE_STRIP = NO;
				DEBUG_INFORMATION_FORMAT = "dwarf-with-dsym";
				ENABLE_NS_ASSERTIONS = NO;
				ENABLE_STRICT_OBJC_MSGSEND = YES;
				GCC_C_LANGUAGE_STANDARD = gnu99;
				GCC_NO_COMMON_BLOCKS = YES;
				GCC_WARN_64_TO_32_BIT_CONVERSION = YES;
				GCC_WARN_ABOUT_RETURN_TYPE = YES_ERROR;
				GCC_WARN_UNDECLARED_SELECTOR = YES;
				GCC_WARN_UNINITIALIZED_AUTOS = YES_AGGRESSIVE;
				GCC_WARN_UNUSED_FUNCTION = YES;
				GCC_WARN_UNUSED_VARIABLE = YES;
				MACOSX_DEPLOYMENT_TARGET = 10.11;
				MTL_ENABLE_DEBUG_INFO = NO;
				SDKROOT = macosx;
			};
			name = Release;
		};
		C9D39ABD1CCA74620017C170 /* Debug */ = {
			isa = XCBuildConfiguration;
			buildSettings = {
				CODE_SIGN_IDENTITY = "Mac Developer";
				"CODE_SIGN_IDENTITY[sdk=macosx*]" = "Mac Developer";
				INFOPLIST_FILE = ProyectoPlantas/Info.plist;
				MODULE_NAME = Repaso.ProyectoPlantas;
				MODULE_START = ProyectoPlantas_start;
				MODULE_STOP = ProyectoPlantas_stop;
				MODULE_VERSION = 1.0.0d1;
				PRODUCT_BUNDLE_IDENTIFIER = Repaso.ProyectoPlantas;
				PRODUCT_NAME = "$(TARGET_NAME)";
				PROVISIONING_PROFILE = "";
				WRAPPER_EXTENSION = kext;
			};
			name = Debug;
		};
		C9D39ABE1CCA74620017C170 /* Release */ = {
			isa = XCBuildConfiguration;
			buildSettings = {
				CODE_SIGN_IDENTITY = "Mac Developer";
				"CODE_SIGN_IDENTITY[sdk=macosx*]" = "Mac Developer";
				INFOPLIST_FILE = ProyectoPlantas/Info.plist;
				MODULE_NAME = Repaso.ProyectoPlantas;
				MODULE_START = ProyectoPlantas_start;
				MODULE_STOP = ProyectoPlantas_stop;
				MODULE_VERSION = 1.0.0d1;
				PRODUCT_BUNDLE_IDENTIFIER = Repaso.ProyectoPlantas;
				PRODUCT_NAME = "$(TARGET_NAME)";
				PROVISIONING_PROFILE = "";
				WRAPPER_EXTENSION = kext;
			};
			name = Release;
		};
/* End XCBuildConfiguration section */

/* Begin XCConfigurationList section */
		C9D39AAE1CCA74620017C170 /* Build configuration list for PBXProject "ProyectoPlantas" */ = {
			isa = XCConfigurationList;
			buildConfigurations = (
				C9D39ABA1CCA74620017C170 /* Debug */,
				C9D39ABB1CCA74620017C170 /* Release */,
			);
			defaultConfigurationIsVisible = 0;
			defaultConfigurationName = Release;
		};
		C9D39ABC1CCA74620017C170 /* Build configuration list for PBXNativeTarget "ProyectoPlantas" */ = {
			isa = XCConfigurationList;
			buildConfigurations = (
				C9D39ABD1CCA74620017C170 /* Debug */,
				C9D39ABE1CCA74620017C170 /* Release */,
			);
			defaultConfigurationIsVisible = 0;
		};
/* End XCConfigurationList section */
	};
	rootObject = C9D39AAB1CCA74620017C170 /* Project object */;
}
